{
    "name": "aurora-launchserver",
    "version": "0.0.1",
    "lockfileVersion": 1,
    "requires": true,
    "dependencies": {
        "@types/node": {
            "version": "12.12.50",
            "resolved": "https://registry.npmjs.org/@types/node/-/node-12.12.50.tgz",
            "integrity": "sha512-5ImO01Fb8YsEOYpV+aeyGYztcYcjGsBvN4D7G5r1ef2cuQOpymjWNQi5V0rKHE6PC2ru3HkoUr/Br2/8GUA84w==",
            "dev": true
        },
        "@types/ws": {
            "version": "7.2.6",
            "resolved": "https://registry.npmjs.org/@types/ws/-/ws-7.2.6.tgz",
            "integrity": "sha512-Q07IrQUSNpr+cXU4E4LtkSIBPie5GLZyyMC1QtQYRLWz701+XcoVygGUZgvLqElq1nU4ICldMYPnexlBsg3dqQ==",
            "dev": true,
            "requires": {
                "@types/node": "*"
            }
        },
        "axios": {
            "version": "0.19.2",
            "resolved": "https://registry.npmjs.org/axios/-/axios-0.19.2.tgz",
            "integrity": "sha512-fjgm5MvRHLhx+osE2xoekY70AhARk3a6hkN+3Io1jc00jtquGvxYlKlsFUhmUET0V5te6CcZI7lcv2Ym61mjHA==",
            "requires": {
                "follow-redirects": "1.5.10"
            }
        },
        "buffer-from": {
            "version": "1.1.1",
            "resolved": "https://registry.npmjs.org/buffer-from/-/buffer-from-1.1.1.tgz",
            "integrity": "sha512-MQcXEUbCKtEo7bhqEs6560Hyd4XaovZlO/k9V3hjVUF/zwW7KBVdSK4gIt/bzwS9MbR5qob+F5jusZsb0YQK2A==",
            "dev": true
        },
        "colors": {
            "version": "1.4.0",
            "resolved": "https://registry.npmjs.org/colors/-/colors-1.4.0.tgz",
            "integrity": "sha512-a+UqTh4kgZg/SlGvfbzDHpgRu7AAQOmmqRHJnxhRZICKFUT91brVhNNt58CMWU9PsBbv3PDCZUHbVxuDiH2mtA=="
        },
        "debug": {
            "version": "3.1.0",
            "resolved": "https://registry.npmjs.org/debug/-/debug-3.1.0.tgz",
            "integrity": "sha512-OX8XqP7/1a9cqkxYw2yXss15f26NKWBpDXQd0/uK/KPqdQhxbPa994hnzjcE2VqQpDslf55723cKPUOGSmMY3g==",
            "requires": {
                "ms": "2.0.0"
            }
        },
        "follow-redirects": {
            "version": "1.5.10",
            "resolved": "https://registry.npmjs.org/follow-redirects/-/follow-redirects-1.5.10.tgz",
            "integrity": "sha512-0V5l4Cizzvqt5D44aTXbFZz+FtyXV1vrDN6qrelxtfYQKW0KO0W2T/hkE8xvGa/540LkZlkaUjO4ailYTFtHVQ==",
            "requires": {
                "debug": "=3.1.0"
            }
        },
        "ms": {
            "version": "2.0.0",
            "resolved": "https://registry.npmjs.org/ms/-/ms-2.0.0.tgz",
            "integrity": "sha1-VgiurfwAvmwpAd9fmGF4jeDVl8g="
        },
        "source-map": {
            "version": "0.6.1",
            "resolved": "https://registry.npmjs.org/source-map/-/source-map-0.6.1.tgz",
            "integrity": "sha512-UjgapumWlbMhkBgzT7Ykc5YXUT46F0iKu8SGXq0bcwP5dz/h0Plj6enJqjz1Zbq2l5WaqYnrVbwWOWMyF3F47g==",
            "dev": true
        },
        "source-map-support": {
            "version": "0.5.19",
            "resolved": "https://registry.npmjs.org/source-map-support/-/source-map-support-0.5.19.tgz",
            "integrity": "sha512-Wonm7zOCIJzBGQdB+thsPar0kYuCIzYvxZwlBa87yi/Mdjv7Tip2cyVbLj5o0cFPN4EVkuTwb3GDDyUx2DGnGw==",
            "dev": true,
            "requires": {
                "buffer-from": "^1.0.0",
                "source-map": "^0.6.0"
            }
        },
        "typescript": {
            "version": "3.9.6",
            "resolved": "https://registry.npmjs.org/typescript/-/typescript-3.9.6.tgz",
            "integrity": "sha512-Pspx3oKAPJtjNwE92YS05HQoY7z2SFyOpHo9MqJor3BXAGNaPUs83CuVp9VISFkSjyRfiTpmKuAYGJB7S7hOxw==",
            "dev": true
        }
    }
}
